Microsoft Visual Studio Solution File, Format Version 12.00
# Visual Studio Version 17
VisualStudioVersion = 17.14.36121.58 d17.14
MinimumVisualStudioVersion = 10.0.40219.1
Project("{FAE04EC0-301F-11D3-BF4B-00C04F79EFBC}") = "Cadtastic.JobHost.SDK", "Cadtastic.JobHost.SDK.csproj", "{765E25F3-F406-5920-E8A2-DA7A15B87F2E}"
EndProject
Global
	GlobalSection(SolutionConfigurationPlatforms) = preSolution
		Debug|Any CPU = Debug|Any CPU
		Release|Any CPU = Release|Any CPU
	EndGlobalSection
	GlobalSection(ProjectConfigurationPlatforms) = postSolution
		{765E25F3-F406-5920-E8A2-DA7A15B87F2E}.Debug|Any CPU.ActiveCfg = Debug|Any CPU
		{765E25F3-F406-5920-E8A2-DA7A15B87F2E}.Debug|Any CPU.Build.0 = Debug|Any CPU
		{765E25F3-F406-5920-E8A2-DA7A15B87F2E}.Release|Any CPU.ActiveCfg = Release|Any CPU
		{765E25F3-F406-5920-E8A2-DA7A15B87F2E}.Release|Any CPU.Build.0 = Release|Any CPU
	EndGlobalSection
	GlobalSection(SolutionProperties) = preSolution
		HideSolutionNode = FALSE
	EndGlobalSection
	GlobalSection(ExtensibilityGlobals) = postSolution
		SolutionGuid = {AF82419B-A5D7-4DBA-AE5A-527CD35F0A30}
	EndGlobalSection
EndGlobal
